
Microsoft Visual Studio Solution File, Format Version 12.00
Project("{FAE04EC0-301F-11D3-BF4B-00C04F79EFBC}") = "Kyky pizza", "Kyky pizza\Kyky pizza.csproj", "{E7001D0A-072B-4FAA-9C0B-496C9C423C4B}"
EndProject
Global
	GlobalSection(SolutionConfigurationPlatforms) = preSolution
		Debug|Any CPU = Debug|Any CPU
		Release|Any CPU = Release|Any CPU
	EndGlobalSection
	GlobalSection(ProjectConfigurationPlatforms) = postSolution
		{E7001D0A-072B-4FAA-9C0B-496C9C423C4B}.Debug|Any CPU.ActiveCfg = Debug|Any CPU
		{E7001D0A-072B-4FAA-9C0B-496C9C423C4B}.Debug|Any CPU.Build.0 = Debug|Any CPU
		{E7001D0A-072B-4FAA-9C0B-496C9C423C4B}.Release|Any CPU.ActiveCfg = Release|Any CPU
		{E7001D0A-072B-4FAA-9C0B-496C9C423C4B}.Release|Any CPU.Build.0 = Release|Any CPU
	EndGlobalSection
EndGlobal
